
Microsoft Visual Studio Solution File, Format Version 12.00
# Visual Studio Version 17
VisualStudioVersion = 17.9.34723.18
MinimumVisualStudioVersion = 10.0.40219.1
Project("{FAE04EC0-301F-11D3-BF4B-00C04F79EFBC}") = "AppJuanDiegoSilva_MAUI", "AppJuanDiegoSilva_MAUI\AppJuanDiegoSilva_MAUI.csproj", "{9F62D937-AAF7-41BD-8E52-92F1A51D7387}"
EndProject
Global
	GlobalSection(SolutionConfigurationPlatforms) = preSolution
		Debug|Any CPU = Debug|Any CPU
		Release|Any CPU = Release|Any CPU
	EndGlobalSection
	GlobalSection(ProjectConfigurationPlatforms) = postSolution
		{9F62D937-AAF7-41BD-8E52-92F1A51D7387}.Debug|Any CPU.ActiveCfg = Debug|Any CPU
		{9F62D937-AAF7-41BD-8E52-92F1A51D7387}.Debug|Any CPU.Build.0 = Debug|Any CPU
		{9F62D937-AAF7-41BD-8E52-92F1A51D7387}.Debug|Any CPU.Deploy.0 = Debug|Any CPU
		{9F62D937-AAF7-41BD-8E52-92F1A51D7387}.Release|Any CPU.ActiveCfg = Release|Any CPU
		{9F62D937-AAF7-41BD-8E52-92F1A51D7387}.Release|Any CPU.Build.0 = Release|Any CPU
		{9F62D937-AAF7-41BD-8E52-92F1A51D7387}.Release|Any CPU.Deploy.0 = Release|Any CPU
	EndGlobalSection
	GlobalSection(SolutionProperties) = preSolution
		HideSolutionNode = FALSE
	EndGlobalSection
	GlobalSection(ExtensibilityGlobals) = postSolution
		SolutionGuid = {12BE6B63-D122-45B3-84D2-F5E9748405FA}
	EndGlobalSection
EndGlobal
